Microsoft Visual Studio Solution File, Format Version 12.00
# Visual Studio Version 17
VisualStudioVersion = 17.5.2.0
MinimumVisualStudioVersion = 10.0.40219.1
Project("{FAE04EC0-301F-11D3-BF4B-00C04F79EFBC}") = "RecordIt.Core", "RecordIt.Core.csproj", "{4FB1F7F0-7426-9671-1330-C1C197D2DE1C}"
EndProject
Global
	GlobalSection(SolutionConfigurationPlatforms) = preSolution
		Debug|Any CPU = Debug|Any CPU
		Release|Any CPU = Release|Any CPU
	EndGlobalSection
	GlobalSection(ProjectConfigurationPlatforms) = postSolution
		{4FB1F7F0-7426-9671-1330-C1C197D2DE1C}.Debug|Any CPU.ActiveCfg = Debug|Any CPU
		{4FB1F7F0-7426-9671-1330-C1C197D2DE1C}.Debug|Any CPU.Build.0 = Debug|Any CPU
		{4FB1F7F0-7426-9671-1330-C1C197D2DE1C}.Release|Any CPU.ActiveCfg = Release|Any CPU
		{4FB1F7F0-7426-9671-1330-C1C197D2DE1C}.Release|Any CPU.Build.0 = Release|Any CPU
	EndGlobalSection
	GlobalSection(SolutionProperties) = preSolution
		HideSolutionNode = FALSE
	EndGlobalSection
	GlobalSection(ExtensibilityGlobals) = postSolution
		SolutionGuid = {C42AB13F-1996-4C88-821D-FC74F68506C6}
	EndGlobalSection
EndGlobal
